// !$*UTF8*$!
{
	archiveVersion = 1;
	classes = {
	};
	objectVersion = 48;
	objects = {

/* Begin PBXBuildFile section */
		11585DD71F418FBF00F46CF5 /* AppDelegate.swift in Sources */ = {isa = PBXBuildFile; fileRef = 11585DD61F418FBF00F46CF5 /* AppDelegate.swift */; };
		11585DD91F418FBF00F46CF5 /* ViewController.swift in Sources */ = {isa = PBXBuildFile; fileRef = 11585DD81F418FBF00F46CF5 /* ViewController.swift */; };
		11585DDC1F418FBF00F46CF5 /* Main.storyboard in Resources */ = {isa = PBXBuildFile; fileRef = 11585DDA1F418FBF00F46CF5 /* Main.storyboard */; };
		11585DDE1F418FBF00F46CF5 /* Assets.xcassets in Resources */ = {isa = PBXBuildFile; fileRef = 11585DDD1F418FBF00F46CF5 /* Assets.xcassets */; };
		11585DE11F418FBF00F46CF5 /* LaunchScreen.storyboard in Resources */ = {isa = PBXBuildFile; fileRef = 11585DDF1F418FBF00F46CF5 /* LaunchScreen.storyboard */; };
		11585DEE1F429AF800F46CF5 /* Inceptionv3.mlmodel in Sources */ = {isa = PBXBuildFile; fileRef = 11585DED1F429AF000F46CF5 /* Inceptionv3.mlmodel */; };
/* End PBXBuildFile section */

/* Begin PBXFileReference section */
		11585DD31F418FBF00F46CF5 /* CoremlDemo.app */ = {isa = PBXFileReference; explicitFileType = wrapper.application; includeInIndex = 0; path = CoremlDemo.app; sourceTree = BUILT_PRODUCTS_DIR; };
		11585DD61F418FBF00F46CF5 /* AppDelegate.swift */ = {isa = PBXFileReference; lastKnownFileType = sourcecode.swift; path = AppDelegate.swift; sourceTree = "<group>"; };
		11585DD81F418FBF00F46CF5 /* ViewController.swift */ = {isa = PBXFileReference; lastKnownFileType = sourcecode.swift; path = ViewController.swift; sourceTree = "<group>"; };
		11585DDB1F418FBF00F46CF5 /* Base */ = {isa = PBXFileReference; lastKnownFileType = file.storyboard; name = Base; path = Base.lproj/Main.storyboard; sourceTree = "<group>"; };
		11585DDD1F418FBF00F46CF5 /* Assets.xcassets */ = {isa = PBXFileReference; lastKnownFileType = folder.assetcatalog; path = Assets.xcassets; sourceTree = "<group>"; };
		11585DE01F418FBF00F46CF5 /* Base */ = {isa = PBXFileReference; lastKnownFileType = file.storyboard; name = Base; path = Base.lproj/LaunchScreen.storyboard; sourceTree = "<group>"; };
		11585DE21F418FBF00F46CF5 /* Info.plist */ = {isa = PBXFileReference; lastKnownFileType = text.plist.xml; path = Info.plist; sourceTree = "<group>"; };
		11585DED1F429AF000F46CF5 /* Inceptionv3.mlmodel */ = {isa = PBXFileReference; lastKnownFileType = file.mlmodel; path = Inceptionv3.mlmodel; sourceTree = "<group>"; };
/* End PBXFileReference section */

/* Begin PBXFrameworksBuildPhase section */
		11585DD01F418FBF00F46CF5 /* Frameworks */ = {
			isa = PBXFrameworksBuildPhase;
			buildActionMask = 2147483647;
			files = (
			);
			runOnlyForDeploymentPostprocessing = 0;
		};
/* End PBXFrameworksBuildPhase section */

/* Begin PBXGroup section */
		11585DCA1F418FBF00F46CF5 = {
			isa = PBXGroup;
			children = (
				11585DD51F418FBF00F46CF5 /* CoremlDemo */,
				11585DD41F418FBF00F46CF5 /* Products */,
			);
			sourceTree = "<group>";
		};
		11585DD41F418FBF00F46CF5 /* Products */ = {
			isa = PBXGroup;
			children = (
				11585DD31F418FBF00F46CF5 /* CoremlDemo.app */,
			);
			name = Products;
			sourceTree = "<group>";
		};
		11585DD51F418FBF00F46CF5 /* CoremlDemo */ = {
			isa = PBXGroup;
			children = (
				11585DED1F429AF000F46CF5 /* Inceptionv3.mlmodel */,
				11585DD61F418FBF00F46CF5 /* AppDelegate.swift */,
				11585DD81F418FBF00F46CF5 /* ViewController.swift */,
				11585DDA1F418FBF00F46CF5 /* Main.storyboard */,
				11585DDD1F418FBF00F46CF5 /* Assets.xcassets */,
				11585DDF1F418FBF00F46CF5 /* LaunchScreen.storyboard */,
				11585DE21F418FBF00F46CF5 /* Info.plist */,
			);
			path = CoremlDemo;
			sourceTree = "<group>";
		};
/* End PBXGroup section */

/* Begin PBXNativeTarget section */
		11585DD21F418FBF00F46CF5 /* CoremlDemo */ = {
			isa = PBXNativeTarget;
			buildConfigurationList = 11585DE51F418FBF00F46CF5 /* Build configuration list for PBXNativeTarget "CoremlDemo" */;
			buildPhases = (
				11585DCF1F418FBF00F46CF5 /* Sources */,
				11585DD01F418FBF00F46CF5 /* Frameworks */,
				11585DD11F418FBF00F46CF5 /* Resources */,
			);
			buildRules = (
			);
			dependencies = (
			);
			name = CoremlDemo;
			productName = CoremlDemo;
			productReference = 11585DD31F418FBF00F46CF5 /* CoremlDemo.app */;
			productType = "com.apple.product-type.application";
		};
/* End PBXNativeTarget section */

/* Begin PBXProject section */
		11585DCB1F418FBF00F46CF5 /* Project object */ = {
			isa = PBXProject;
			attributes = {
				LastSwiftUpdateCheck = 0900;
				LastUpgradeCheck = 0900;
				ORGANIZATIONNAME = administrator;
				TargetAttributes = {
					11585DD21F418FBF00F46CF5 = {
						CreatedOnToolsVersion = 9.0;
						ProvisioningStyle = Manual;
					};
				};
			};
			buildConfigurationList = 11585DCE1F418FBF00F46CF5 /* Build configuration list for PBXProject "CoremlDemo" */;
			compatibilityVersion = "Xcode 8.0";
			developmentRegion = en;
			hasScannedForEncodings = 0;
			knownRegions = (
				en,
				Base,
			);
			mainGroup = 11585DCA1F418FBF00F46CF5;
			productRefGroup = 11585DD41F418FBF00F46CF5 /* Products */;
			projectDirPath = "";
			projectRoot = "";
			targets = (
				11585DD21F418FBF00F46CF5 /* CoremlDemo */,
			);
		};
/* End PBXProject section */

/* Begin PBXResourcesBuildPhase section */
		11585DD11F418FBF00F46CF5 /* Resources */ = {
			isa = PBXResourcesBuildPhase;
			buildActionMask = 2147483647;
			files = (
				11585DE11F418FBF00F46CF5 /* LaunchScreen.storyboard in Resources */,
				11585DDE1F418FBF00F46CF5 /* Assets.xcassets in Resources */,
				11585DDC1F418FBF00F46CF5 /* Main.storyboard in Resources */,
			);
			runOnlyForDeploymentPostprocessing = 0;
		};
/* End PBXResourcesBuildPhase section */

/* Begin PBXSourcesBuildPhase section */
		11585DCF1F418FBF00F46CF5 /* Sources */ = {
			isa = PBXSourcesBuildPhase;
			buildActionMask = 2147483647;
			files = (
				11585DD91F418FBF00F46CF5 /* ViewController.swift in Sources */,
				11585DEE1F429AF800F46CF5 /* Inceptionv3.mlmodel in Sources */,
				11585DD71F418FBF00F46CF5 /* AppDelegate.swift in Sources */,
			);
			runOnlyForDeploymentPostprocessing = 0;
		};
/* End PBXSourcesBuildPhase section */

/* Begin PBXVariantGroup section */
		11585DDA1F418FBF00F46CF5 /* Main.storyboard */ = {
			isa = PBXVariantGroup;
			children = (
				11585DDB1F418FBF00F46CF5 /* Base */,
			);
			name = Main.storyboard;
			sourceTree = "<group>";
		};
		11585DDF1F418FBF00F46CF5 /* LaunchScreen.storyboard */ = {
			isa = PBXVariantGroup;
			children = (
				11585DE01F418FBF00F46CF5 /* Base */,
			);
			name = LaunchScreen.storyboard;
			sourceTree = "<group>";
		};
/* End PBXVariantGroup section */

/* Begin XCBuildConfiguration section */
		11585DE31F418FBF00F46CF5 /* Debug */ = {
			isa = XCBuildConfiguration;
			buildSettings = {
				ALWAYS_SEARCH_USER_PATHS = NO;
				CLANG_ANALYZER_NONNULL = YES;
				CLANG_ANALYZER_NUMBER_OBJECT_CONVERSION = YES_AGGRESSIVE;
				CLANG_CXX_LANGUAGE_STANDARD = "gnu++14";
				CLANG_CXX_LIBRARY = "libc++";
				CLANG_ENABLE_MODULES = YES;
				CLANG_ENABLE_OBJC_ARC = YES;
				CLANG_WARN_BLOCK_CAPTURE_AUTORELEASING = YES;
				CLANG_WARN_BOOL_CONVERSION = YES;
				CLANG_WARN_COMMA = YES;
				CLANG_WARN_CONSTANT_CONVERSION = YES;
				CLANG_WARN_DIRECT_OBJC_ISA_USAGE = YES_ERROR;
				CLANG_WARN_DOCUMENTATION_COMMENTS = YES;
				CLANG_WARN_EMPTY_BODY = YES;
				CLANG_WARN_ENUM_CONVERSION = YES;
				CLANG_WARN_INFINITE_RECURSION = YES;
				CLANG_WARN_INT_CONVERSION = YES;
				CLANG_WARN_OBJC_ROOT_CLASS = YES_ERROR;
				CLANG_WARN_RANGE_LOOP_ANALYSIS = YES;
				CLANG_WARN_STRICT_PROTOTYPES = YES;
				CLANG_WARN_SUSPICIOUS_MOVE = YES;
				CLANG_WARN_UNGUARDED_AVAILABILITY = YES_AGGRESSIVE;
				CLANG_WARN_UNREACHABLE_CODE = YES;
				CLANG_WARN__DUPLICATE_METHOD_MATCH = YES;
				CODE_SIGN_IDENTITY = "iPhone Developer";
				COPY_PHASE_STRIP = NO;
				DEBUG_INFORMATION_FORMAT = dwarf;
				ENABLE_STRICT_OBJC_MSGSEND = YES;
				ENABLE_TESTABILITY = YES;
				GCC_C_LANGUAGE_STANDARD = gnu11;
				GCC_DYNAMIC_NO_PIC = NO;
				GCC_NO_COMMON_BLOCKS = YES;
				GCC_OPTIMIZATION_LEVEL = 0;
				GCC_PREPROCESSOR_DEFINITIONS = (
					"DEBUG=1",
					"$(inherited)",
				);
				GCC_WARN_64_TO_32_BIT_CONVERSION = YES;
				GCC_WARN_ABOUT_RETURN_TYPE = YES_ERROR;
				GCC_WARN_UNDECLARED_SELECTOR = YES;
				GCC_WARN_UNINITIALIZED_AUTOS = YES_AGGRESSIVE;
				GCC_WARN_UNUSED_FUNCTION = YES;
				GCC_WARN_UNUSED_VARIABLE = YES;
				IPHONEOS_DEPLOYMENT_TARGET = 11.0;
				MTL_ENABLE_DEBUG_INFO = YES;
				ONLY_ACTIVE_ARCH = YES;
				SDKROOT = iphoneos;
				SWIFT_ACTIVE_COMPILATION_CONDITIONS = DEBUG;
				SWIFT_OPTIMIZATION_LEVEL = "-Onone";
			};
			name = Debug;
		};
		11585DE41F418FBF00F46CF5 /* Release */ = {
			isa = XCBuildConfiguration;
			buildSettings = {
				ALWAYS_SEARCH_USER_PATHS = NO;
				CLANG_ANALYZER_NONNULL = YES;
				CLANG_ANALYZER_NUMBER_OBJECT_CONVERSION = YES_AGGRESSIVE;
				CLANG_CXX_LANGUAGE_STANDARD = "gnu++14";
				CLANG_CXX_LIBRARY = "libc++";
				CLANG_ENABLE_MODULES = YES;
				CLANG_ENABLE_OBJC_ARC = YES;
				CLANG_WARN_BLOCK_CAPTURE_AUTORELEASING = YES;
				CLANG_WARN_BOOL_CONVERSION = YES;
				CLANG_WARN_COMMA = YES;
				CLANG_WARN_CONSTANT_CONVERSION = YES;
				CLANG_WARN_DIRECT_OBJC_ISA_USAGE = YES_ERROR;
				CLANG_WARN_DOCUMENTATION_COMMENTS = YES;
				CLANG_WARN_EMPTY_BODY = YES;
				CLANG_WARN_ENUM_CONVERSION = YES;
				CLANG_WARN_INFINITE_RECURSION = YES;
				CLANG_WARN_INT_CONVERSION = YES;
				CLANG_WARN_OBJC_ROOT_CLASS = YES_ERROR;
				CLANG_WARN_RANGE_LOOP_ANALYSIS = YES;
				CLANG_WARN_STRICT_PROTOTYPES = YES;
				CLANG_WARN_SUSPICIOUS_MOVE = YES;
				CLANG_WARN_UNGUARDED_AVAILABILITY = YES_AGGRESSIVE;
				CLANG_WARN_UNREACHABLE_CODE = YES;
				CLANG_WARN__DUPLICATE_METHOD_MATCH = YES;
				CODE_SIGN_IDENTITY = "iPhone Developer";
				COPY_PHASE_STRIP = NO;
				DEBUG_INFORMATION_FORMAT = "dwarf-with-dsym";
				ENABLE_NS_ASSERTIONS = NO;
				ENABLE_STRICT_OBJC_MSGSEND = YES;
				GCC_C_LANGUAGE_STANDARD = gnu11;
				GCC_NO_COMMON_BLOCKS = YES;
				GCC_WARN_64_TO_32_BIT_CONVERSION = YES;
				GCC_WARN_ABOUT_RETURN_TYPE = YES_ERROR;
				GCC_WARN_UNDECLARED_SELECTOR = YES;
				GCC_WARN_UNINITIALIZED_AUTOS = YES_AGGRESSIVE;
				GCC_WARN_UNUSED_FUNCTION = YES;
				GCC_WARN_UNUSED_VARIABLE = YES;
				IPHONEOS_DEPLOYMENT_TARGET = 11.0;
				MTL_ENABLE_DEBUG_INFO = NO;
				SDKROOT = iphoneos;
				SWIFT_OPTIMIZATION_LEVEL = "-Owholemodule";
				VALIDATE_PRODUCT = YES;
			};
			name = Release;
		};
		11585DE61F418FBF00F46CF5 /* Debug */ = {
			isa = XCBuildConfiguration;
			buildSettings = {
				ASSETCATALOG_COMPILER_APPICON_NAME = AppIcon;
				CODE_SIGN_STYLE = Manual;
				DEVELOPMENT_TEAM = PP64RT7P8Z;
				INFOPLIST_FILE = CoremlDemo/Info.plist;
				LD_RUNPATH_SEARCH_PATHS = "$(inherited) @executable_path/Frameworks";
				PRODUCT_BUNDLE_IDENTIFIER = com.ibm.CoremlDemo;
				PRODUCT_NAME = "$(TARGET_NAME)";
				PROVISIONING_PROFILE = "77f1316b-a8e8-4757-9eaf-948ff8faa9e6";
				PROVISIONING_PROFILE_SPECIFIER = "@IBM MobileFirst Wildcard App ID Dev Profile";
				SWIFT_VERSION = 4.0;
				TARGETED_DEVICE_FAMILY = "1,2";
			};
			name = Debug;
		};
		11585DE71F418FBF00F46CF5 /* Release */ = {
			isa = XCBuildConfiguration;
			buildSettings = {
				ASSETCATALOG_COMPILER_APPICON_NAME = AppIcon;
				CODE_SIGN_STYLE = Manual;
				DEVELOPMENT_TEAM = "";
				INFOPLIST_FILE = CoremlDemo/Info.plist;
				LD_RUNPATH_SEARCH_PATHS = "$(inherited) @executable_path/Frameworks";
				PRODUCT_BUNDLE_IDENTIFIER = com.ibm.CoremlDemo;
				PRODUCT_NAME = "$(TARGET_NAME)";
				PROVISIONING_PROFILE_SPECIFIER = "";
				SWIFT_VERSION = 4.0;
				TARGETED_DEVICE_FAMILY = "1,2";
			};
			name = Release;
		};
/* End XCBuildConfiguration section */

/* Begin XCConfigurationList section */
		11585DCE1F418FBF00F46CF5 /* Build configuration list for PBXProject "CoremlDemo" */ = {
			isa = XCConfigurationList;
			buildConfigurations = (
				11585DE31F418FBF00F46CF5 /* Debug */,
				11585DE41F418FBF00F46CF5 /* Release */,
			);
			defaultConfigurationIsVisible = 0;
			defaultConfigurationName = Release;
		};
		11585DE51F418FBF00F46CF5 /* Build configuration list for PBXNativeTarget "CoremlDemo" */ = {
			isa = XCConfigurationList;
			buildConfigurations = (
				11585DE61F418FBF00F46CF5 /* Debug */,
				11585DE71F418FBF00F46CF5 /* Release */,
			);
			defaultConfigurationIsVisible = 0;
		};
/* End XCConfigurationList section */
	};
	rootObject = 11585DCB1F418FBF00F46CF5 /* Project object */;
}
